
Microsoft Visual Studio Solution File, Format Version 12.00
# Visual Studio Version 17
VisualStudioVersion = 17.5.33414.496
MinimumVisualStudioVersion = 10.0.40219.1
Project("{FAE04EC0-301F-11D3-BF4B-00C04F79EFBC}") = "Roommates", "Roommates\Roommates.csproj", "{15EAF89F-E5B1-4BFC-B5D0-E049D5E94EBA}"
EndProject
Global
	GlobalSection(SolutionConfigurationPlatforms) = preSolution
		Debug|Any CPU = Debug|Any CPU
		Release|Any CPU = Release|Any CPU
	EndGlobalSection
	GlobalSection(ProjectConfigurationPlatforms) = postSolution
		{15EAF89F-E5B1-4BFC-B5D0-E049D5E94EBA}.Debug|Any CPU.ActiveCfg = Debug|Any CPU
		{15EAF89F-E5B1-4BFC-B5D0-E049D5E94EBA}.Debug|Any CPU.Build.0 = Debug|Any CPU
		{15EAF89F-E5B1-4BFC-B5D0-E049D5E94EBA}.Release|Any CPU.ActiveCfg = Release|Any CPU
		{15EAF89F-E5B1-4BFC-B5D0-E049D5E94EBA}.Release|Any CPU.Build.0 = Release|Any CPU
	EndGlobalSection
	GlobalSection(SolutionProperties) = preSolution
		HideSolutionNode = FALSE
	EndGlobalSection
	GlobalSection(ExtensibilityGlobals) = postSolution
		SolutionGuid = {C844E264-27FC-4600-B65C-AF0764FE13D5}
	EndGlobalSection
EndGlobal
